// !$*UTF8*$!
{
	archiveVersion = 1;
	classes = {
	};
	objectVersion = 50;
	objects = {

/* Begin PBXBuildFile section */
		235DF364256EF39700DAFCC0 /* AppDelegate.swift in Sources */ = {isa = PBXBuildFile; fileRef = 235DF363256EF39700DAFCC0 /* AppDelegate.swift */; };
		235DF366256EF39700DAFCC0 /* SceneDelegate.swift in Sources */ = {isa = PBXBuildFile; fileRef = 235DF365256EF39700DAFCC0 /* SceneDelegate.swift */; };
		235DF36D256EF39800DAFCC0 /* Assets.xcassets in Resources */ = {isa = PBXBuildFile; fileRef = 235DF36C256EF39800DAFCC0 /* Assets.xcassets */; };
		235DF370256EF39800DAFCC0 /* LaunchScreen.storyboard in Resources */ = {isa = PBXBuildFile; fileRef = 235DF36E256EF39800DAFCC0 /* LaunchScreen.storyboard */; };
		235DF381256EFA5D00DAFCC0 /* CriticsPicksViewController.swift in Sources */ = {isa = PBXBuildFile; fileRef = 235DF380256EFA5D00DAFCC0 /* CriticsPicksViewController.swift */; };
		235DF385256EFA6A00DAFCC0 /* SearchViewController.swift in Sources */ = {isa = PBXBuildFile; fileRef = 235DF384256EFA6A00DAFCC0 /* SearchViewController.swift */; };
		235DF38C256EFAA700DAFCC0 /* FavoritesViewController.swift in Sources */ = {isa = PBXBuildFile; fileRef = 235DF38B256EFAA700DAFCC0 /* FavoritesViewController.swift */; };
		235DF390256F045B00DAFCC0 /* Constants.swift in Sources */ = {isa = PBXBuildFile; fileRef = 235DF38F256F045B00DAFCC0 /* Constants.swift */; };
		235DF397256F19E000DAFCC0 /* EmptyStateViews.swift in Sources */ = {isa = PBXBuildFile; fileRef = 235DF396256F19E000DAFCC0 /* EmptyStateViews.swift */; };
		235DF39F256F312400DAFCC0 /* UIColor.swift in Sources */ = {isa = PBXBuildFile; fileRef = 235DF39E256F312400DAFCC0 /* UIColor.swift */; };
		235DF3A4256F366800DAFCC0 /* PicksTableViewCell.swift in Sources */ = {isa = PBXBuildFile; fileRef = 235DF3A3256F366800DAFCC0 /* PicksTableViewCell.swift */; };
		235DF3AB256F97AC00DAFCC0 /* NYTMoviesDataManager.swift in Sources */ = {isa = PBXBuildFile; fileRef = 235DF3AA256F97AC00DAFCC0 /* NYTMoviesDataManager.swift */; };
		235DF3AF256F984200DAFCC0 /* Keys.plist in Resources */ = {isa = PBXBuildFile; fileRef = 235DF3AE256F984200DAFCC0 /* Keys.plist */; };
		235DF3B3256FA0A300DAFCC0 /* PicksDataModels.swift in Sources */ = {isa = PBXBuildFile; fileRef = 235DF3B2256FA0A300DAFCC0 /* PicksDataModels.swift */; };
/* End PBXBuildFile section */

/* Begin PBXFileReference section */
		235DF360256EF39700DAFCC0 /* NYT Movies.app */ = {isa = PBXFileReference; explicitFileType = wrapper.application; includeInIndex = 0; path = "NYT Movies.app"; sourceTree = BUILT_PRODUCTS_DIR; };
		235DF363256EF39700DAFCC0 /* AppDelegate.swift */ = {isa = PBXFileReference; lastKnownFileType = sourcecode.swift; path = AppDelegate.swift; sourceTree = "<group>"; };
		235DF365256EF39700DAFCC0 /* SceneDelegate.swift */ = {isa = PBXFileReference; lastKnownFileType = sourcecode.swift; path = SceneDelegate.swift; sourceTree = "<group>"; };
		235DF36C256EF39800DAFCC0 /* Assets.xcassets */ = {isa = PBXFileReference; lastKnownFileType = folder.assetcatalog; path = Assets.xcassets; sourceTree = "<group>"; };
		235DF36F256EF39800DAFCC0 /* Base */ = {isa = PBXFileReference; lastKnownFileType = file.storyboard; name = Base; path = Base.lproj/LaunchScreen.storyboard; sourceTree = "<group>"; };
		235DF371256EF39800DAFCC0 /* Info.plist */ = {isa = PBXFileReference; lastKnownFileType = text.plist.xml; path = Info.plist; sourceTree = "<group>"; };
		235DF380256EFA5D00DAFCC0 /* CriticsPicksViewController.swift */ = {isa = PBXFileReference; lastKnownFileType = sourcecode.swift; path = CriticsPicksViewController.swift; sourceTree = "<group>"; };
		235DF384256EFA6A00DAFCC0 /* SearchViewController.swift */ = {isa = PBXFileReference; lastKnownFileType = sourcecode.swift; path = SearchViewController.swift; sourceTree = "<group>"; };
		235DF38B256EFAA700DAFCC0 /* FavoritesViewController.swift */ = {isa = PBXFileReference; lastKnownFileType = sourcecode.swift; path = FavoritesViewController.swift; sourceTree = "<group>"; };
		235DF38F256F045B00DAFCC0 /* Constants.swift */ = {isa = PBXFileReference; lastKnownFileType = sourcecode.swift; path = Constants.swift; sourceTree = "<group>"; };
		235DF396256F19E000DAFCC0 /* EmptyStateViews.swift */ = {isa = PBXFileReference; lastKnownFileType = sourcecode.swift; path = EmptyStateViews.swift; sourceTree = "<group>"; };
		235DF39E256F312400DAFCC0 /* UIColor.swift */ = {isa = PBXFileReference; lastKnownFileType = sourcecode.swift; path = UIColor.swift; sourceTree = "<group>"; };
		235DF3A3256F366800DAFCC0 /* PicksTableViewCell.swift */ = {isa = PBXFileReference; lastKnownFileType = sourcecode.swift; path = PicksTableViewCell.swift; sourceTree = "<group>"; };
		235DF3AA256F97AC00DAFCC0 /* NYTMoviesDataManager.swift */ = {isa = PBXFileReference; lastKnownFileType = sourcecode.swift; name = NYTMoviesDataManager.swift; path = "NYT Movies/Services/NYTMoviesDataManager.swift"; sourceTree = SOURCE_ROOT; };
		235DF3AE256F984200DAFCC0 /* Keys.plist */ = {isa = PBXFileReference; lastKnownFileType = text.plist.xml; path = Keys.plist; sourceTree = "<group>"; };
		235DF3B2256FA0A300DAFCC0 /* PicksDataModels.swift */ = {isa = PBXFileReference; lastKnownFileType = sourcecode.swift; path = PicksDataModels.swift; sourceTree = "<group>"; };
/* End PBXFileReference section */

/* Begin PBXFrameworksBuildPhase section */
		235DF35D256EF39700DAFCC0 /* Frameworks */ = {
			isa = PBXFrameworksBuildPhase;
			buildActionMask = 2147483647;
			files = (
			);
			runOnlyForDeploymentPostprocessing = 0;
		};
/* End PBXFrameworksBuildPhase section */

/* Begin PBXGroup section */
		235DF357256EF39700DAFCC0 = {
			isa = PBXGroup;
			children = (
				235DF362256EF39700DAFCC0 /* NYT Movies */,
				235DF36C256EF39800DAFCC0 /* Assets.xcassets */,
				235DF361256EF39700DAFCC0 /* Products */,
			);
			sourceTree = "<group>";
		};
		235DF361256EF39700DAFCC0 /* Products */ = {
			isa = PBXGroup;
			children = (
				235DF360256EF39700DAFCC0 /* NYT Movies.app */,
			);
			name = Products;
			sourceTree = "<group>";
		};
		235DF362256EF39700DAFCC0 /* NYT Movies */ = {
			isa = PBXGroup;
			children = (
				235DF3B1256FA07000DAFCC0 /* Models */,
				235DF3A9256F977900DAFCC0 /* Services */,
				235DF39D256F311400DAFCC0 /* Extensions */,
				235DF395256F19A700DAFCC0 /* Views */,
				235DF38E256F044700DAFCC0 /* Utils */,
				235DF37F256EFA4400DAFCC0 /* Screens */,
				235DF3B8256FB16500DAFCC0 /* Application */,
				235DF3BA256FB1AC00DAFCC0 /* Config */,
			);
			path = "NYT Movies";
			sourceTree = "<group>";
		};
		235DF37F256EFA4400DAFCC0 /* Screens */ = {
			isa = PBXGroup;
			children = (
				235DF380256EFA5D00DAFCC0 /* CriticsPicksViewController.swift */,
				235DF384256EFA6A00DAFCC0 /* SearchViewController.swift */,
				235DF38B256EFAA700DAFCC0 /* FavoritesViewController.swift */,
			);
			path = Screens;
			sourceTree = "<group>";
		};
		235DF38E256F044700DAFCC0 /* Utils */ = {
			isa = PBXGroup;
			children = (
				235DF38F256F045B00DAFCC0 /* Constants.swift */,
			);
			path = Utils;
			sourceTree = "<group>";
		};
		235DF395256F19A700DAFCC0 /* Views */ = {
			isa = PBXGroup;
			children = (
				235DF3B9256FB19500DAFCC0 /* Storyboards (Remove) */,
				235DF3A2256F365000DAFCC0 /* Cells */,
				235DF396256F19E000DAFCC0 /* EmptyStateViews.swift */,
			);
			path = Views;
			sourceTree = "<group>";
		};
		235DF39D256F311400DAFCC0 /* Extensions */ = {
			isa = PBXGroup;
			children = (
				235DF39E256F312400DAFCC0 /* UIColor.swift */,
			);
			path = Extensions;
			sourceTree = "<group>";
		};
		235DF3A2256F365000DAFCC0 /* Cells */ = {
			isa = PBXGroup;
			children = (
				235DF3A3256F366800DAFCC0 /* PicksTableViewCell.swift */,
			);
			path = Cells;
			sourceTree = "<group>";
		};
		235DF3A9256F977900DAFCC0 /* Services */ = {
			isa = PBXGroup;
			children = (
				235DF3AA256F97AC00DAFCC0 /* NYTMoviesDataManager.swift */,
			);
			path = Services;
			sourceTree = "<group>";
		};
		235DF3B1256FA07000DAFCC0 /* Models */ = {
			isa = PBXGroup;
			children = (
				235DF3B2256FA0A300DAFCC0 /* PicksDataModels.swift */,
			);
			path = Models;
			sourceTree = "<group>";
		};
		235DF3B8256FB16500DAFCC0 /* Application */ = {
			isa = PBXGroup;
			children = (
				235DF363256EF39700DAFCC0 /* AppDelegate.swift */,
				235DF365256EF39700DAFCC0 /* SceneDelegate.swift */,
			);
			path = Application;
			sourceTree = "<group>";
		};
		235DF3B9256FB19500DAFCC0 /* Storyboards (Remove) */ = {
			isa = PBXGroup;
			children = (
				235DF36E256EF39800DAFCC0 /* LaunchScreen.storyboard */,
			);
			path = "Storyboards (Remove)";
			sourceTree = "<group>";
		};
		235DF3BA256FB1AC00DAFCC0 /* Config */ = {
			isa = PBXGroup;
			children = (
				235DF3AE256F984200DAFCC0 /* Keys.plist */,
				235DF371256EF39800DAFCC0 /* Info.plist */,
			);
			path = Config;
			sourceTree = "<group>";
		};
/* End PBXGroup section */

/* Begin PBXNativeTarget section */
		235DF35F256EF39700DAFCC0 /* NYT Movies */ = {
			isa = PBXNativeTarget;
			buildConfigurationList = 235DF374256EF39800DAFCC0 /* Build configuration list for PBXNativeTarget "NYT Movies" */;
			buildPhases = (
				235DF35C256EF39700DAFCC0 /* Sources */,
				235DF35D256EF39700DAFCC0 /* Frameworks */,
				235DF35E256EF39700DAFCC0 /* Resources */,
			);
			buildRules = (
			);
			dependencies = (
			);
			name = "NYT Movies";
			productName = "NYT Movies";
			productReference = 235DF360256EF39700DAFCC0 /* NYT Movies.app */;
			productType = "com.apple.product-type.application";
		};
/* End PBXNativeTarget section */

/* Begin PBXProject section */
		235DF358256EF39700DAFCC0 /* Project object */ = {
			isa = PBXProject;
			attributes = {
				LastSwiftUpdateCheck = 1220;
				LastUpgradeCheck = 1220;
				TargetAttributes = {
					235DF35F256EF39700DAFCC0 = {
						CreatedOnToolsVersion = 12.2;
					};
				};
			};
			buildConfigurationList = 235DF35B256EF39700DAFCC0 /* Build configuration list for PBXProject "NYT Movies" */;
			compatibilityVersion = "Xcode 9.3";
			developmentRegion = en;
			hasScannedForEncodings = 0;
			knownRegions = (
				en,
				Base,
			);
			mainGroup = 235DF357256EF39700DAFCC0;
			productRefGroup = 235DF361256EF39700DAFCC0 /* Products */;
			projectDirPath = "";
			projectRoot = "";
			targets = (
				235DF35F256EF39700DAFCC0 /* NYT Movies */,
			);
		};
/* End PBXProject section */

/* Begin PBXResourcesBuildPhase section */
		235DF35E256EF39700DAFCC0 /* Resources */ = {
			isa = PBXResourcesBuildPhase;
			buildActionMask = 2147483647;
			files = (
				235DF3AF256F984200DAFCC0 /* Keys.plist in Resources */,
				235DF370256EF39800DAFCC0 /* LaunchScreen.storyboard in Resources */,
				235DF36D256EF39800DAFCC0 /* Assets.xcassets in Resources */,
			);
			runOnlyForDeploymentPostprocessing = 0;
		};
/* End PBXResourcesBuildPhase section */

/* Begin PBXSourcesBuildPhase section */
		235DF35C256EF39700DAFCC0 /* Sources */ = {
			isa = PBXSourcesBuildPhase;
			buildActionMask = 2147483647;
			files = (
				235DF3AB256F97AC00DAFCC0 /* NYTMoviesDataManager.swift in Sources */,
				235DF385256EFA6A00DAFCC0 /* SearchViewController.swift in Sources */,
				235DF3B3256FA0A300DAFCC0 /* PicksDataModels.swift in Sources */,
				235DF3A4256F366800DAFCC0 /* PicksTableViewCell.swift in Sources */,
				235DF364256EF39700DAFCC0 /* AppDelegate.swift in Sources */,
				235DF381256EFA5D00DAFCC0 /* CriticsPicksViewController.swift in Sources */,
				235DF390256F045B00DAFCC0 /* Constants.swift in Sources */,
				235DF38C256EFAA700DAFCC0 /* FavoritesViewController.swift in Sources */,
				235DF39F256F312400DAFCC0 /* UIColor.swift in Sources */,
				235DF397256F19E000DAFCC0 /* EmptyStateViews.swift in Sources */,
				235DF366256EF39700DAFCC0 /* SceneDelegate.swift in Sources */,
			);
			runOnlyForDeploymentPostprocessing = 0;
		};
/* End PBXSourcesBuildPhase section */

/* Begin PBXVariantGroup section */
		235DF36E256EF39800DAFCC0 /* LaunchScreen.storyboard */ = {
			isa = PBXVariantGroup;
			children = (
				235DF36F256EF39800DAFCC0 /* Base */,
			);
			name = LaunchScreen.storyboard;
			sourceTree = "<group>";
		};
/* End PBXVariantGroup section */

/* Begin XCBuildConfiguration section */
		235DF372256EF39800DAFCC0 /* Debug */ = {
			isa = XCBuildConfiguration;
			buildSettings = {
				ALWAYS_SEARCH_USER_PATHS = NO;
				CLANG_ANALYZER_NONNULL = YES;
				CLANG_ANALYZER_NUMBER_OBJECT_CONVERSION = YES_AGGRESSIVE;
				CLANG_CXX_LANGUAGE_STANDARD = "gnu++14";
				CLANG_CXX_LIBRARY = "libc++";
				CLANG_ENABLE_MODULES = YES;
				CLANG_ENABLE_OBJC_ARC = YES;
				CLANG_ENABLE_OBJC_WEAK = YES;
				CLANG_WARN_BLOCK_CAPTURE_AUTORELEASING = YES;
				CLANG_WARN_BOOL_CONVERSION = YES;
				CLANG_WARN_COMMA = YES;
				CLANG_WARN_CONSTANT_CONVERSION = YES;
				CLANG_WARN_DEPRECATED_OBJC_IMPLEMENTATIONS = YES;
				CLANG_WARN_DIRECT_OBJC_ISA_USAGE = YES_ERROR;
				CLANG_WARN_DOCUMENTATION_COMMENTS = YES;
				CLANG_WARN_EMPTY_BODY = YES;
				CLANG_WARN_ENUM_CONVERSION = YES;
				CLANG_WARN_INFINITE_RECURSION = YES;
				CLANG_WARN_INT_CONVERSION = YES;
				CLANG_WARN_NON_LITERAL_NULL_CONVERSION = YES;
				CLANG_WARN_OBJC_IMPLICIT_RETAIN_SELF = YES;
				CLANG_WARN_OBJC_LITERAL_CONVERSION = YES;
				CLANG_WARN_OBJC_ROOT_CLASS = YES_ERROR;
				CLANG_WARN_QUOTED_INCLUDE_IN_FRAMEWORK_HEADER = YES;
				CLANG_WARN_RANGE_LOOP_ANALYSIS = YES;
				CLANG_WARN_STRICT_PROTOTYPES = YES;
				CLANG_WARN_SUSPICIOUS_MOVE = YES;
				CLANG_WARN_UNGUARDED_AVAILABILITY = YES_AGGRESSIVE;
				CLANG_WARN_UNREACHABLE_CODE = YES;
				CLANG_WARN__DUPLICATE_METHOD_MATCH = YES;
				COPY_PHASE_STRIP = NO;
				DEBUG_INFORMATION_FORMAT = dwarf;
				ENABLE_STRICT_OBJC_MSGSEND = YES;
				ENABLE_TESTABILITY = YES;
				GCC_C_LANGUAGE_STANDARD = gnu11;
				GCC_DYNAMIC_NO_PIC = NO;
				GCC_NO_COMMON_BLOCKS = YES;
				GCC_OPTIMIZATION_LEVEL = 0;
				GCC_PREPROCESSOR_DEFINITIONS = (
					"DEBUG=1",
					"$(inherited)",
				);
				GCC_WARN_64_TO_32_BIT_CONVERSION = YES;
				GCC_WARN_ABOUT_RETURN_TYPE = YES_ERROR;
				GCC_WARN_UNDECLARED_SELECTOR = YES;
				GCC_WARN_UNINITIALIZED_AUTOS = YES_AGGRESSIVE;
				GCC_WARN_UNUSED_FUNCTION = YES;
				GCC_WARN_UNUSED_VARIABLE = YES;
				IPHONEOS_DEPLOYMENT_TARGET = 13.0;
				MTL_ENABLE_DEBUG_INFO = INCLUDE_SOURCE;
				MTL_FAST_MATH = YES;
				ONLY_ACTIVE_ARCH = YES;
				SDKROOT = iphoneos;
				SWIFT_ACTIVE_COMPILATION_CONDITIONS = DEBUG;
				SWIFT_OPTIMIZATION_LEVEL = "-Onone";
			};
			name = Debug;
		};
		235DF373256EF39800DAFCC0 /* Release */ = {
			isa = XCBuildConfiguration;
			buildSettings = {
				ALWAYS_SEARCH_USER_PATHS = NO;
				CLANG_ANALYZER_NONNULL = YES;
				CLANG_ANALYZER_NUMBER_OBJECT_CONVERSION = YES_AGGRESSIVE;
				CLANG_CXX_LANGUAGE_STANDARD = "gnu++14";
				CLANG_CXX_LIBRARY = "libc++";
				CLANG_ENABLE_MODULES = YES;
				CLANG_ENABLE_OBJC_ARC = YES;
				CLANG_ENABLE_OBJC_WEAK = YES;
				CLANG_WARN_BLOCK_CAPTURE_AUTORELEASING = YES;
				CLANG_WARN_BOOL_CONVERSION = YES;
				CLANG_WARN_COMMA = YES;
				CLANG_WARN_CONSTANT_CONVERSION = YES;
				CLANG_WARN_DEPRECATED_OBJC_IMPLEMENTATIONS = YES;
				CLANG_WARN_DIRECT_OBJC_ISA_USAGE = YES_ERROR;
				CLANG_WARN_DOCUMENTATION_COMMENTS = YES;
				CLANG_WARN_EMPTY_BODY = YES;
				CLANG_WARN_ENUM_CONVERSION = YES;
				CLANG_WARN_INFINITE_RECURSION = YES;
				CLANG_WARN_INT_CONVERSION = YES;
				CLANG_WARN_NON_LITERAL_NULL_CONVERSION = YES;
				CLANG_WARN_OBJC_IMPLICIT_RETAIN_SELF = YES;
				CLANG_WARN_OBJC_LITERAL_CONVERSION = YES;
				CLANG_WARN_OBJC_ROOT_CLASS = YES_ERROR;
				CLANG_WARN_QUOTED_INCLUDE_IN_FRAMEWORK_HEADER = YES;
				CLANG_WARN_RANGE_LOOP_ANALYSIS = YES;
				CLANG_WARN_STRICT_PROTOTYPES = YES;
				CLANG_WARN_SUSPICIOUS_MOVE = YES;
				CLANG_WARN_UNGUARDED_AVAILABILITY = YES_AGGRESSIVE;
				CLANG_WARN_UNREACHABLE_CODE = YES;
				CLANG_WARN__DUPLICATE_METHOD_MATCH = YES;
				COPY_PHASE_STRIP = NO;
				DEBUG_INFORMATION_FORMAT = "dwarf-with-dsym";
				ENABLE_NS_ASSERTIONS = NO;
				ENABLE_STRICT_OBJC_MSGSEND = YES;
				GCC_C_LANGUAGE_STANDARD = gnu11;
				GCC_NO_COMMON_BLOCKS = YES;
				GCC_WARN_64_TO_32_BIT_CONVERSION = YES;
				GCC_WARN_ABOUT_RETURN_TYPE = YES_ERROR;
				GCC_WARN_UNDECLARED_SELECTOR = YES;
				GCC_WARN_UNINITIALIZED_AUTOS = YES_AGGRESSIVE;
				GCC_WARN_UNUSED_FUNCTION = YES;
				GCC_WARN_UNUSED_VARIABLE = YES;
				IPHONEOS_DEPLOYMENT_TARGET = 13.0;
				MTL_ENABLE_DEBUG_INFO = NO;
				MTL_FAST_MATH = YES;
				SDKROOT = iphoneos;
				SWIFT_COMPILATION_MODE = wholemodule;
				SWIFT_OPTIMIZATION_LEVEL = "-O";
				VALIDATE_PRODUCT = YES;
			};
			name = Release;
		};
		235DF375256EF39800DAFCC0 /* Debug */ = {
			isa = XCBuildConfiguration;
			buildSettings = {
				ASSETCATALOG_COMPILER_APPICON_NAME = AppIcon;
				ASSETCATALOG_COMPILER_GLOBAL_ACCENT_COLOR_NAME = AccentColor;
				CODE_SIGN_STYLE = Automatic;
				DEVELOPMENT_TEAM = RYK6GDE7V9;
				INFOPLIST_FILE = "NYT Movies/Config/Info.plist";
				LD_RUNPATH_SEARCH_PATHS = (
					"$(inherited)",
					"@executable_path/Frameworks",
				);
				PRODUCT_BUNDLE_IDENTIFIER = "com.smallworld.NYT-Movies";
				PRODUCT_NAME = "$(TARGET_NAME)";
				SWIFT_VERSION = 5.0;
				TARGETED_DEVICE_FAMILY = "1,2";
			};
			name = Debug;
		};
		235DF376256EF39800DAFCC0 /* Release */ = {
			isa = XCBuildConfiguration;
			buildSettings = {
				ASSETCATALOG_COMPILER_APPICON_NAME = AppIcon;
				ASSETCATALOG_COMPILER_GLOBAL_ACCENT_COLOR_NAME = AccentColor;
				CODE_SIGN_STYLE = Automatic;
				DEVELOPMENT_TEAM = RYK6GDE7V9;
				INFOPLIST_FILE = "NYT Movies/Config/Info.plist";
				LD_RUNPATH_SEARCH_PATHS = (
					"$(inherited)",
					"@executable_path/Frameworks",
				);
				PRODUCT_BUNDLE_IDENTIFIER = "com.smallworld.NYT-Movies";
				PRODUCT_NAME = "$(TARGET_NAME)";
				SWIFT_VERSION = 5.0;
				TARGETED_DEVICE_FAMILY = "1,2";
			};
			name = Release;
		};
/* End XCBuildConfiguration section */

/* Begin XCConfigurationList section */
		235DF35B256EF39700DAFCC0 /* Build configuration list for PBXProject "NYT Movies" */ = {
			isa = XCConfigurationList;
			buildConfigurations = (
				235DF372256EF39800DAFCC0 /* Debug */,
				235DF373256EF39800DAFCC0 /* Release */,
			);
			defaultConfigurationIsVisible = 0;
			defaultConfigurationName = Release;
		};
		235DF374256EF39800DAFCC0 /* Build configuration list for PBXNativeTarget "NYT Movies" */ = {
			isa = XCConfigurationList;
			buildConfigurations = (
				235DF375256EF39800DAFCC0 /* Debug */,
				235DF376256EF39800DAFCC0 /* Release */,
			);
			defaultConfigurationIsVisible = 0;
			defaultConfigurationName = Release;
		};
/* End XCConfigurationList section */
	};
	rootObject = 235DF358256EF39700DAFCC0 /* Project object */;
}
